
Microsoft Visual Studio Solution File, Format Version 12.00
# Visual Studio Version 17
VisualStudioVersion = 17.8.34511.84
MinimumVisualStudioVersion = 10.0.40219.1
Project("{9A19103F-16F7-4668-BE54-9A1E7A4F7556}") = "Api", "Api\Api.csproj", "{3C57FB69-B8FC-4FDD-8B81-F66F7AD3C49E}"
EndProject
Global
	GlobalSection(SolutionConfigurationPlatforms) = preSolution
		Debug|Any CPU = Debug|Any CPU
		Release|Any CPU = Release|Any CPU
	EndGlobalSection
	GlobalSection(ProjectConfigurationPlatforms) = postSolution
		{3C57FB69-B8FC-4FDD-8B81-F66F7AD3C49E}.Debug|Any CPU.ActiveCfg = Debug|Any CPU
		{3C57FB69-B8FC-4FDD-8B81-F66F7AD3C49E}.Debug|Any CPU.Build.0 = Debug|Any CPU
		{3C57FB69-B8FC-4FDD-8B81-F66F7AD3C49E}.Release|Any CPU.ActiveCfg = Release|Any CPU
		{3C57FB69-B8FC-4FDD-8B81-F66F7AD3C49E}.Release|Any CPU.Build.0 = Release|Any CPU
	EndGlobalSection
	GlobalSection(SolutionProperties) = preSolution
		HideSolutionNode = FALSE
	EndGlobalSection
	GlobalSection(ExtensibilityGlobals) = postSolution
		SolutionGuid = {0A8D910E-E5D8-4E44-9830-F1576B7010E3}
	EndGlobalSection
EndGlobal
